
Microsoft Visual Studio Solution File, Format Version 12.00
# Visual Studio Version 17
VisualStudioVersion = 17.10.35013.160
MinimumVisualStudioVersion = 10.0.40219.1
Project("{FAE04EC0-301F-11D3-BF4B-00C04F79EFBC}") = "iptv-manager-maui", "iptv-manager-maui.csproj", "{281D8A21-9CE9-42EF-8FB9-88FD032333C9}"
EndProject
Global
	GlobalSection(SolutionConfigurationPlatforms) = preSolution
		Debug|Any CPU = Debug|Any CPU
		Release|Any CPU = Release|Any CPU
	EndGlobalSection
	GlobalSection(ProjectConfigurationPlatforms) = postSolution
		{281D8A21-9CE9-42EF-8FB9-88FD032333C9}.Debug|Any CPU.ActiveCfg = Debug|Any CPU
		{281D8A21-9CE9-42EF-8FB9-88FD032333C9}.Debug|Any CPU.Build.0 = Debug|Any CPU
		{281D8A21-9CE9-42EF-8FB9-88FD032333C9}.Debug|Any CPU.Deploy.0 = Debug|Any CPU
		{281D8A21-9CE9-42EF-8FB9-88FD032333C9}.Release|Any CPU.ActiveCfg = Release|Any CPU
		{281D8A21-9CE9-42EF-8FB9-88FD032333C9}.Release|Any CPU.Build.0 = Release|Any CPU
		{281D8A21-9CE9-42EF-8FB9-88FD032333C9}.Release|Any CPU.Deploy.0 = Release|Any CPU
	EndGlobalSection
	GlobalSection(SolutionProperties) = preSolution
		HideSolutionNode = FALSE
	EndGlobalSection
	GlobalSection(ExtensibilityGlobals) = postSolution
		SolutionGuid = {C9F60502-4427-468D-B3C7-1A88AC6A0311}
	EndGlobalSection
EndGlobal
